// !$*UTF8*$!
{
	archiveVersion = 1;
	classes = {
	};
	objectVersion = 56;
	objects = {

/* Begin PBXBuildFile section */
		AF6285192D2E7515005E2AA5 /* Launch Screen.storyboard in Resources */ = {isa = PBXBuildFile; fileRef = AF6285182D2E7515005E2AA5 /* Launch Screen.storyboard */; };
		AF62851B2D2E93AD005E2AA5 /* RoundButton.swift in Sources */ = {isa = PBXBuildFile; fileRef = AF62851A2D2E93AD005E2AA5 /* RoundButton.swift */; };
		AF6285222D2EB0E7005E2AA5 /* Gilroy-Bold.ttf in Resources */ = {isa = PBXBuildFile; fileRef = AF62851F2D2EB0E7005E2AA5 /* Gilroy-Bold.ttf */; };
		AF6285232D2EB0E7005E2AA5 /* Gilroy-Regular.ttf in Resources */ = {isa = PBXBuildFile; fileRef = AF6285202D2EB0E7005E2AA5 /* Gilroy-Regular.ttf */; };
		AF6285242D2EB0E7005E2AA5 /* Gilroy-SemiBold.ttf in Resources */ = {isa = PBXBuildFile; fileRef = AF6285212D2EB0E7005E2AA5 /* Gilroy-SemiBold.ttf */; };
		AF94975C2D2D65CA005ABD36 /* UIextension.swift in Sources */ = {isa = PBXBuildFile; fileRef = AF94975B2D2D65CA005ABD36 /* UIextension.swift */; };
		AFC194CB2D2D5DFC00C06230 /* deliveryAppApp.swift in Sources */ = {isa = PBXBuildFile; fileRef = AFC194CA2D2D5DFC00C06230 /* deliveryAppApp.swift */; };
		AFC194CF2D2D5DFE00C06230 /* Assets.xcassets in Resources */ = {isa = PBXBuildFile; fileRef = AFC194CE2D2D5DFE00C06230 /* Assets.xcassets */; };
		AFC194D22D2D5DFE00C06230 /* Preview Assets.xcassets in Resources */ = {isa = PBXBuildFile; fileRef = AFC194D12D2D5DFE00C06230 /* Preview Assets.xcassets */; };
		AFEF04D92D3126D600E3E8DF /* WelcomeView.swift in Sources */ = {isa = PBXBuildFile; fileRef = AFEF04D82D3126D600E3E8DF /* WelcomeView.swift */; };
		AFEF04DB2D31270400E3E8DF /* LoginView.swift in Sources */ = {isa = PBXBuildFile; fileRef = AFEF04DA2D31270400E3E8DF /* LoginView.swift */; };
		AFEF04DD2D31271F00E3E8DF /* SignUpView.swift in Sources */ = {isa = PBXBuildFile; fileRef = AFEF04DC2D31271F00E3E8DF /* SignUpView.swift */; };
		AFEF04DF2D31273F00E3E8DF /* SignInView.swift in Sources */ = {isa = PBXBuildFile; fileRef = AFEF04DE2D31273F00E3E8DF /* SignInView.swift */; };
		AFF128062D2FF51A0039CCF0 /* CountryPicker in Frameworks */ = {isa = PBXBuildFile; productRef = AFF128052D2FF51A0039CCF0 /* CountryPicker */; };
		AFF128092D2FFC820039CCF0 /* CountryPickerUI.swift in Sources */ = {isa = PBXBuildFile; fileRef = AFF128082D2FFC820039CCF0 /* CountryPickerUI.swift */; };
/* End PBXBuildFile section */

/* Begin PBXFileReference section */
		AF6285182D2E7515005E2AA5 /* Launch Screen.storyboard */ = {isa = PBXFileReference; lastKnownFileType = file.storyboard; path = "Launch Screen.storyboard"; sourceTree = "<group>"; };
		AF62851A2D2E93AD005E2AA5 /* RoundButton.swift */ = {isa = PBXFileReference; fileEncoding = 4; lastKnownFileType = sourcecode.swift; path = RoundButton.swift; sourceTree = "<group>"; };
		AF62851F2D2EB0E7005E2AA5 /* Gilroy-Bold.ttf */ = {isa = PBXFileReference; lastKnownFileType = file; path = "Gilroy-Bold.ttf"; sourceTree = "<group>"; };
		AF6285202D2EB0E7005E2AA5 /* Gilroy-Regular.ttf */ = {isa = PBXFileReference; lastKnownFileType = file; path = "Gilroy-Regular.ttf"; sourceTree = "<group>"; };
		AF6285212D2EB0E7005E2AA5 /* Gilroy-SemiBold.ttf */ = {isa = PBXFileReference; lastKnownFileType = file; path = "Gilroy-SemiBold.ttf"; sourceTree = "<group>"; };
		AF94975B2D2D65CA005ABD36 /* UIextension.swift */ = {isa = PBXFileReference; lastKnownFileType = sourcecode.swift; path = UIextension.swift; sourceTree = "<group>"; };
		AFC194C72D2D5DFC00C06230 /* deliveryApp.app */ = {isa = PBXFileReference; explicitFileType = wrapper.application; includeInIndex = 0; path = deliveryApp.app; sourceTree = BUILT_PRODUCTS_DIR; };
		AFC194CA2D2D5DFC00C06230 /* deliveryAppApp.swift */ = {isa = PBXFileReference; lastKnownFileType = sourcecode.swift; path = deliveryAppApp.swift; sourceTree = "<group>"; };
		AFC194CE2D2D5DFE00C06230 /* Assets.xcassets */ = {isa = PBXFileReference; lastKnownFileType = folder.assetcatalog; path = Assets.xcassets; sourceTree = "<group>"; };
		AFC194D12D2D5DFE00C06230 /* Preview Assets.xcassets */ = {isa = PBXFileReference; lastKnownFileType = folder.assetcatalog; path = "Preview Assets.xcassets"; sourceTree = "<group>"; };
		AFEF04D82D3126D600E3E8DF /* WelcomeView.swift */ = {isa = PBXFileReference; lastKnownFileType = sourcecode.swift; path = WelcomeView.swift; sourceTree = "<group>"; };
		AFEF04DA2D31270400E3E8DF /* LoginView.swift */ = {isa = PBXFileReference; lastKnownFileType = sourcecode.swift; path = LoginView.swift; sourceTree = "<group>"; };
		AFEF04DC2D31271F00E3E8DF /* SignUpView.swift */ = {isa = PBXFileReference; lastKnownFileType = sourcecode.swift; path = SignUpView.swift; sourceTree = "<group>"; };
		AFEF04DE2D31273F00E3E8DF /* SignInView.swift */ = {isa = PBXFileReference; lastKnownFileType = sourcecode.swift; path = SignInView.swift; sourceTree = "<group>"; };
		AFF128082D2FFC820039CCF0 /* CountryPickerUI.swift */ = {isa = PBXFileReference; fileEncoding = 4; lastKnownFileType = sourcecode.swift; path = CountryPickerUI.swift; sourceTree = "<group>"; };
/* End PBXFileReference section */

/* Begin PBXFrameworksBuildPhase section */
		AFC194C42D2D5DFC00C06230 /* Frameworks */ = {
			isa = PBXFrameworksBuildPhase;
			buildActionMask = 2147483647;
			files = (
				AFF128062D2FF51A0039CCF0 /* CountryPicker in Frameworks */,
			);
			runOnlyForDeploymentPostprocessing = 0;
		};
/* End PBXFrameworksBuildPhase section */

/* Begin PBXGroup section */
		AF62851E2D2EB0CB005E2AA5 /* Font */ = {
			isa = PBXGroup;
			children = (
				AF62851F2D2EB0E7005E2AA5 /* Gilroy-Bold.ttf */,
				AF6285202D2EB0E7005E2AA5 /* Gilroy-Regular.ttf */,
				AF6285212D2EB0E7005E2AA5 /* Gilroy-SemiBold.ttf */,
			);
			path = Font;
			sourceTree = "<group>";
		};
		AF94975A2D2D658E005ABD36 /* UICommon */ = {
			isa = PBXGroup;
			children = (
				AFF128082D2FFC820039CCF0 /* CountryPickerUI.swift */,
				AF94975B2D2D65CA005ABD36 /* UIextension.swift */,
				AF62851A2D2E93AD005E2AA5 /* RoundButton.swift */,
			);
			path = UICommon;
			sourceTree = "<group>";
		};
		AFC194BE2D2D5DFC00C06230 = {
			isa = PBXGroup;
			children = (
				AFC194C92D2D5DFC00C06230 /* deliveryApp */,
				AFC194C82D2D5DFC00C06230 /* Products */,
			);
			sourceTree = "<group>";
		};
		AFC194C82D2D5DFC00C06230 /* Products */ = {
			isa = PBXGroup;
			children = (
				AFC194C72D2D5DFC00C06230 /* deliveryApp.app */,
			);
			name = Products;
			sourceTree = "<group>";
		};
		AFC194C92D2D5DFC00C06230 /* deliveryApp */ = {
			isa = PBXGroup;
			children = (
				AF94975A2D2D658E005ABD36 /* UICommon */,
				AF62851E2D2EB0CB005E2AA5 /* Font */,
				AFF1280A2D3002A30039CCF0 /* View */,
				AF6285182D2E7515005E2AA5 /* Launch Screen.storyboard */,
				AFC194CA2D2D5DFC00C06230 /* deliveryAppApp.swift */,
				AFC194CE2D2D5DFE00C06230 /* Assets.xcassets */,
				AFC194D02D2D5DFE00C06230 /* Preview Content */,
			);
			path = deliveryApp;
			sourceTree = "<group>";
		};
		AFC194D02D2D5DFE00C06230 /* Preview Content */ = {
			isa = PBXGroup;
			children = (
				AFC194D12D2D5DFE00C06230 /* Preview Assets.xcassets */,
			);
			path = "Preview Content";
			sourceTree = "<group>";
		};
		AFF1280A2D3002A30039CCF0 /* View */ = {
			isa = PBXGroup;
			children = (
				AFF1280B2D3002AE0039CCF0 /* Login */,
			);
			path = View;
			sourceTree = "<group>";
		};
		AFF1280B2D3002AE0039CCF0 /* Login */ = {
			isa = PBXGroup;
			children = (
				AFEF04D82D3126D600E3E8DF /* WelcomeView.swift */,
				AFEF04DE2D31273F00E3E8DF /* SignInView.swift */,
				AFEF04DA2D31270400E3E8DF /* LoginView.swift */,
				AFEF04DC2D31271F00E3E8DF /* SignUpView.swift */,
			);
			path = Login;
			sourceTree = "<group>";
		};
/* End PBXGroup section */

/* Begin PBXNativeTarget section */
		AFC194C62D2D5DFC00C06230 /* deliveryApp */ = {
			isa = PBXNativeTarget;
			buildConfigurationList = AFC194D52D2D5DFE00C06230 /* Build configuration list for PBXNativeTarget "deliveryApp" */;
			buildPhases = (
				AFC194C32D2D5DFC00C06230 /* Sources */,
				AFC194C42D2D5DFC00C06230 /* Frameworks */,
				AFC194C52D2D5DFC00C06230 /* Resources */,
			);
			buildRules = (
			);
			dependencies = (
			);
			name = deliveryApp;
			packageProductDependencies = (
				AFF128052D2FF51A0039CCF0 /* CountryPicker */,
			);
			productName = deliveryApp;
			productReference = AFC194C72D2D5DFC00C06230 /* deliveryApp.app */;
			productType = "com.apple.product-type.application";
		};
/* End PBXNativeTarget section */

/* Begin PBXProject section */
		AFC194BF2D2D5DFC00C06230 /* Project object */ = {
			isa = PBXProject;
			attributes = {
				BuildIndependentTargetsInParallel = 1;
				LastSwiftUpdateCheck = 1520;
				LastUpgradeCheck = 1520;
				TargetAttributes = {
					AFC194C62D2D5DFC00C06230 = {
						CreatedOnToolsVersion = 15.2;
					};
				};
			};
			buildConfigurationList = AFC194C22D2D5DFC00C06230 /* Build configuration list for PBXProject "deliveryApp" */;
			compatibilityVersion = "Xcode 14.0";
			developmentRegion = en;
			hasScannedForEncodings = 0;
			knownRegions = (
				en,
				Base,
			);
			mainGroup = AFC194BE2D2D5DFC00C06230;
			packageReferences = (
				AFF128042D2FF51A0039CCF0 /* XCRemoteSwiftPackageReference "CountryPicker" */,
			);
			productRefGroup = AFC194C82D2D5DFC00C06230 /* Products */;
			projectDirPath = "";
			projectRoot = "";
			targets = (
				AFC194C62D2D5DFC00C06230 /* deliveryApp */,
			);
		};
/* End PBXProject section */

/* Begin PBXResourcesBuildPhase section */
		AFC194C52D2D5DFC00C06230 /* Resources */ = {
			isa = PBXResourcesBuildPhase;
			buildActionMask = 2147483647;
			files = (
				AF6285232D2EB0E7005E2AA5 /* Gilroy-Regular.ttf in Resources */,
				AF6285242D2EB0E7005E2AA5 /* Gilroy-SemiBold.ttf in Resources */,
				AF6285192D2E7515005E2AA5 /* Launch Screen.storyboard in Resources */,
				AFC194D22D2D5DFE00C06230 /* Preview Assets.xcassets in Resources */,
				AFC194CF2D2D5DFE00C06230 /* Assets.xcassets in Resources */,
				AF6285222D2EB0E7005E2AA5 /* Gilroy-Bold.ttf in Resources */,
			);
			runOnlyForDeploymentPostprocessing = 0;
		};
/* End PBXResourcesBuildPhase section */

/* Begin PBXSourcesBuildPhase section */
		AFC194C32D2D5DFC00C06230 /* Sources */ = {
			isa = PBXSourcesBuildPhase;
			buildActionMask = 2147483647;
			files = (
				AFEF04DB2D31270400E3E8DF /* LoginView.swift in Sources */,
				AFEF04D92D3126D600E3E8DF /* WelcomeView.swift in Sources */,
				AFF128092D2FFC820039CCF0 /* CountryPickerUI.swift in Sources */,
				AFEF04DD2D31271F00E3E8DF /* SignUpView.swift in Sources */,
				AF62851B2D2E93AD005E2AA5 /* RoundButton.swift in Sources */,
				AF94975C2D2D65CA005ABD36 /* UIextension.swift in Sources */,
				AFEF04DF2D31273F00E3E8DF /* SignInView.swift in Sources */,
				AFC194CB2D2D5DFC00C06230 /* deliveryAppApp.swift in Sources */,
			);
			runOnlyForDeploymentPostprocessing = 0;
		};
/* End PBXSourcesBuildPhase section */

/* Begin XCBuildConfiguration section */
		AFC194D32D2D5DFE00C06230 /* Debug */ = {
			isa = XCBuildConfiguration;
			buildSettings = {
				ALWAYS_SEARCH_USER_PATHS = NO;
				ASSETCATALOG_COMPILER_GENERATE_SWIFT_ASSET_SYMBOL_EXTENSIONS = YES;
				CLANG_ANALYZER_NONNULL = YES;
				CLANG_ANALYZER_NUMBER_OBJECT_CONVERSION = YES_AGGRESSIVE;
				CLANG_CXX_LANGUAGE_STANDARD = "gnu++20";
				CLANG_ENABLE_MODULES = YES;
				CLANG_ENABLE_OBJC_ARC = YES;
				CLANG_ENABLE_OBJC_WEAK = YES;
				CLANG_WARN_BLOCK_CAPTURE_AUTORELEASING = YES;
				CLANG_WARN_BOOL_CONVERSION = YES;
				CLANG_WARN_COMMA = YES;
				CLANG_WARN_CONSTANT_CONVERSION = YES;
				CLANG_WARN_DEPRECATED_OBJC_IMPLEMENTATIONS = YES;
				CLANG_WARN_DIRECT_OBJC_ISA_USAGE = YES_ERROR;
				CLANG_WARN_DOCUMENTATION_COMMENTS = YES;
				CLANG_WARN_EMPTY_BODY = YES;
				CLANG_WARN_ENUM_CONVERSION = YES;
				CLANG_WARN_INFINITE_RECURSION = YES;
				CLANG_WARN_INT_CONVERSION = YES;
				CLANG_WARN_NON_LITERAL_NULL_CONVERSION = YES;
				CLANG_WARN_OBJC_IMPLICIT_RETAIN_SELF = YES;
				CLANG_WARN_OBJC_LITERAL_CONVERSION = YES;
				CLANG_WARN_OBJC_ROOT_CLASS = YES_ERROR;
				CLANG_WARN_QUOTED_INCLUDE_IN_FRAMEWORK_HEADER = YES;
				CLANG_WARN_RANGE_LOOP_ANALYSIS = YES;
				CLANG_WARN_STRICT_PROTOTYPES = YES;
				CLANG_WARN_SUSPICIOUS_MOVE = YES;
				CLANG_WARN_UNGUARDED_AVAILABILITY = YES_AGGRESSIVE;
				CLANG_WARN_UNREACHABLE_CODE = YES;
				CLANG_WARN__DUPLICATE_METHOD_MATCH = YES;
				COPY_PHASE_STRIP = NO;
				DEBUG_INFORMATION_FORMAT = dwarf;
				ENABLE_STRICT_OBJC_MSGSEND = YES;
				ENABLE_TESTABILITY = YES;
				ENABLE_USER_SCRIPT_SANDBOXING = YES;
				GCC_C_LANGUAGE_STANDARD = gnu17;
				GCC_DYNAMIC_NO_PIC = NO;
				GCC_NO_COMMON_BLOCKS = YES;
				GCC_OPTIMIZATION_LEVEL = 0;
				GCC_PREPROCESSOR_DEFINITIONS = (
					"DEBUG=1",
					"$(inherited)",
				);
				GCC_WARN_64_TO_32_BIT_CONVERSION = YES;
				GCC_WARN_ABOUT_RETURN_TYPE = YES_ERROR;
				GCC_WARN_UNDECLARED_SELECTOR = YES;
				GCC_WARN_UNINITIALIZED_AUTOS = YES_AGGRESSIVE;
				GCC_WARN_UNUSED_FUNCTION = YES;
				GCC_WARN_UNUSED_VARIABLE = YES;
				IPHONEOS_DEPLOYMENT_TARGET = 17.2;
				LOCALIZATION_PREFERS_STRING_CATALOGS = YES;
				MTL_ENABLE_DEBUG_INFO = INCLUDE_SOURCE;
				MTL_FAST_MATH = YES;
				ONLY_ACTIVE_ARCH = YES;
				SDKROOT = iphoneos;
				SWIFT_ACTIVE_COMPILATION_CONDITIONS = "DEBUG $(inherited)";
				SWIFT_OPTIMIZATION_LEVEL = "-Onone";
			};
			name = Debug;
		};
		AFC194D42D2D5DFE00C06230 /* Release */ = {
			isa = XCBuildConfiguration;
			buildSettings = {
				ALWAYS_SEARCH_USER_PATHS = NO;
				ASSETCATALOG_COMPILER_GENERATE_SWIFT_ASSET_SYMBOL_EXTENSIONS = YES;
				CLANG_ANALYZER_NONNULL = YES;
				CLANG_ANALYZER_NUMBER_OBJECT_CONVERSION = YES_AGGRESSIVE;
				CLANG_CXX_LANGUAGE_STANDARD = "gnu++20";
				CLANG_ENABLE_MODULES = YES;
				CLANG_ENABLE_OBJC_ARC = YES;
				CLANG_ENABLE_OBJC_WEAK = YES;
				CLANG_WARN_BLOCK_CAPTURE_AUTORELEASING = YES;
				CLANG_WARN_BOOL_CONVERSION = YES;
				CLANG_WARN_COMMA = YES;
				CLANG_WARN_CONSTANT_CONVERSION = YES;
				CLANG_WARN_DEPRECATED_OBJC_IMPLEMENTATIONS = YES;
				CLANG_WARN_DIRECT_OBJC_ISA_USAGE = YES_ERROR;
				CLANG_WARN_DOCUMENTATION_COMMENTS = YES;
				CLANG_WARN_EMPTY_BODY = YES;
				CLANG_WARN_ENUM_CONVERSION = YES;
				CLANG_WARN_INFINITE_RECURSION = YES;
				CLANG_WARN_INT_CONVERSION = YES;
				CLANG_WARN_NON_LITERAL_NULL_CONVERSION = YES;
				CLANG_WARN_OBJC_IMPLICIT_RETAIN_SELF = YES;
				CLANG_WARN_OBJC_LITERAL_CONVERSION = YES;
				CLANG_WARN_OBJC_ROOT_CLASS = YES_ERROR;
				CLANG_WARN_QUOTED_INCLUDE_IN_FRAMEWORK_HEADER = YES;
				CLANG_WARN_RANGE_LOOP_ANALYSIS = YES;
				CLANG_WARN_STRICT_PROTOTYPES = YES;
				CLANG_WARN_SUSPICIOUS_MOVE = YES;
				CLANG_WARN_UNGUARDED_AVAILABILITY = YES_AGGRESSIVE;
				CLANG_WARN_UNREACHABLE_CODE = YES;
				CLANG_WARN__DUPLICATE_METHOD_MATCH = YES;
				COPY_PHASE_STRIP = NO;
				DEBUG_INFORMATION_FORMAT = "dwarf-with-dsym";
				ENABLE_NS_ASSERTIONS = NO;
				ENABLE_STRICT_OBJC_MSGSEND = YES;
				ENABLE_USER_SCRIPT_SANDBOXING = YES;
				GCC_C_LANGUAGE_STANDARD = gnu17;
				GCC_NO_COMMON_BLOCKS = YES;
				GCC_WARN_64_TO_32_BIT_CONVERSION = YES;
				GCC_WARN_ABOUT_RETURN_TYPE = YES_ERROR;
				GCC_WARN_UNDECLARED_SELECTOR = YES;
				GCC_WARN_UNINITIALIZED_AUTOS = YES_AGGRESSIVE;
				GCC_WARN_UNUSED_FUNCTION = YES;
				GCC_WARN_UNUSED_VARIABLE = YES;
				IPHONEOS_DEPLOYMENT_TARGET = 17.2;
				LOCALIZATION_PREFERS_STRING_CATALOGS = YES;
				MTL_ENABLE_DEBUG_INFO = NO;
				MTL_FAST_MATH = YES;
				SDKROOT = iphoneos;
				SWIFT_COMPILATION_MODE = wholemodule;
				VALIDATE_PRODUCT = YES;
			};
			name = Release;
		};
		AFC194D62D2D5DFE00C06230 /* Debug */ = {
			isa = XCBuildConfiguration;
			buildSettings = {
				ASSETCATALOG_COMPILER_APPICON_NAME = AppIcon;
				ASSETCATALOG_COMPILER_GLOBAL_ACCENT_COLOR_NAME = AccentColor;
				CODE_SIGN_STYLE = Automatic;
				CURRENT_PROJECT_VERSION = 1;
				DEVELOPMENT_ASSET_PATHS = "\"deliveryApp/Preview Content\"";
				ENABLE_PREVIEWS = YES;
				GENERATE_INFOPLIST_FILE = YES;
				INFOPLIST_FILE = deliveryApp/Info.plist;
				INFOPLIST_KEY_CFBundleDisplayName = "";
				INFOPLIST_KEY_LSApplicationCategoryType = "";
				INFOPLIST_KEY_UIApplicationSceneManifest_Generation = YES;
				INFOPLIST_KEY_UIApplicationSupportsIndirectInputEvents = YES;
				INFOPLIST_KEY_UILaunchScreen_Generation = YES;
				INFOPLIST_KEY_UILaunchStoryboardName = "Launch Screen.storyboard";
				INFOPLIST_KEY_UISupportedInterfaceOrientations_iPad = "UIInterfaceOrientationPortrait UIInterfaceOrientationPortraitUpsideDown UIInterfaceOrientationLandscapeLeft UIInterfaceOrientationLandscapeRight";
				INFOPLIST_KEY_UISupportedInterfaceOrientations_iPhone = "UIInterfaceOrientationPortrait UIInterfaceOrientationLandscapeLeft UIInterfaceOrientationLandscapeRight";
				LD_RUNPATH_SEARCH_PATHS = (
					"$(inherited)",
					"@executable_path/Frameworks",
				);
				MARKETING_VERSION = 1.0;
				PRODUCT_BUNDLE_IDENTIFIER = com.alvina.deliveryApp;
				PRODUCT_NAME = "$(TARGET_NAME)";
				SWIFT_EMIT_LOC_STRINGS = YES;
				SWIFT_VERSION = 5.0;
				TARGETED_DEVICE_FAMILY = "1,2";
			};
			name = Debug;
		};
		AFC194D72D2D5DFE00C06230 /* Release */ = {
			isa = XCBuildConfiguration;
			buildSettings = {
				ASSETCATALOG_COMPILER_APPICON_NAME = AppIcon;
				ASSETCATALOG_COMPILER_GLOBAL_ACCENT_COLOR_NAME = AccentColor;
				CODE_SIGN_STYLE = Automatic;
				CURRENT_PROJECT_VERSION = 1;
				DEVELOPMENT_ASSET_PATHS = "\"deliveryApp/Preview Content\"";
				ENABLE_PREVIEWS = YES;
				GENERATE_INFOPLIST_FILE = YES;
				INFOPLIST_FILE = deliveryApp/Info.plist;
				INFOPLIST_KEY_CFBundleDisplayName = "";
				INFOPLIST_KEY_LSApplicationCategoryType = "";
				INFOPLIST_KEY_UIApplicationSceneManifest_Generation = YES;
				INFOPLIST_KEY_UIApplicationSupportsIndirectInputEvents = YES;
				INFOPLIST_KEY_UILaunchScreen_Generation = YES;
				INFOPLIST_KEY_UILaunchStoryboardName = "Launch Screen.storyboard";
				INFOPLIST_KEY_UISupportedInterfaceOrientations_iPad = "UIInterfaceOrientationPortrait UIInterfaceOrientationPortraitUpsideDown UIInterfaceOrientationLandscapeLeft UIInterfaceOrientationLandscapeRight";
				INFOPLIST_KEY_UISupportedInterfaceOrientations_iPhone = "UIInterfaceOrientationPortrait UIInterfaceOrientationLandscapeLeft UIInterfaceOrientationLandscapeRight";
				LD_RUNPATH_SEARCH_PATHS = (
					"$(inherited)",
					"@executable_path/Frameworks",
				);
				MARKETING_VERSION = 1.0;
				PRODUCT_BUNDLE_IDENTIFIER = com.alvina.deliveryApp;
				PRODUCT_NAME = "$(TARGET_NAME)";
				SWIFT_EMIT_LOC_STRINGS = YES;
				SWIFT_VERSION = 5.0;
				TARGETED_DEVICE_FAMILY = "1,2";
			};
			name = Release;
		};
/* End XCBuildConfiguration section */

/* Begin XCConfigurationList section */
		AFC194C22D2D5DFC00C06230 /* Build configuration list for PBXProject "deliveryApp" */ = {
			isa = XCConfigurationList;
			buildConfigurations = (
				AFC194D32D2D5DFE00C06230 /* Debug */,
				AFC194D42D2D5DFE00C06230 /* Release */,
			);
			defaultConfigurationIsVisible = 0;
			defaultConfigurationName = Release;
		};
		AFC194D52D2D5DFE00C06230 /* Build configuration list for PBXNativeTarget "deliveryApp" */ = {
			isa = XCConfigurationList;
			buildConfigurations = (
				AFC194D62D2D5DFE00C06230 /* Debug */,
				AFC194D72D2D5DFE00C06230 /* Release */,
			);
			defaultConfigurationIsVisible = 0;
			defaultConfigurationName = Release;
		};
/* End XCConfigurationList section */

/* Begin XCRemoteSwiftPackageReference section */
		AFF128042D2FF51A0039CCF0 /* XCRemoteSwiftPackageReference "CountryPicker" */ = {
			isa = XCRemoteSwiftPackageReference;
			repositoryURL = "https://github.com/mobven/CountryPicker.git";
			requirement = {
				kind = upToNextMajorVersion;
				minimumVersion = 2.0.3;
			};
		};
/* End XCRemoteSwiftPackageReference section */

/* Begin XCSwiftPackageProductDependency section */
		AFF128052D2FF51A0039CCF0 /* CountryPicker */ = {
			isa = XCSwiftPackageProductDependency;
			package = AFF128042D2FF51A0039CCF0 /* XCRemoteSwiftPackageReference "CountryPicker" */;
			productName = CountryPicker;
		};
/* End XCSwiftPackageProductDependency section */
	};
	rootObject = AFC194BF2D2D5DFC00C06230 /* Project object */;
}
